
Microsoft Visual Studio Solution File, Format Version 12.00
# Visual Studio Express 2012 for Web
Project("{FAE04EC0-301F-11D3-BF4B-00C04F79EFBC}") = "OdeToFood", "OdeToFood\OdeToFood.csproj", "{71464D59-E502-4684-9B0A-12E6E7690912}"
EndProject
Project("{FAE04EC0-301F-11D3-BF4B-00C04F79EFBC}") = "OdeToFood.Tests", "OdeToFood.Tests\OdeToFood.Tests.csproj", "{C852CFAA-2917-4DD8-9446-50C11BFBCB94}"
EndProject
Global
	GlobalSection(SolutionConfigurationPlatforms) = preSolution
		Debug|Any CPU = Debug|Any CPU
		Release|Any CPU = Release|Any CPU
	EndGlobalSection
	GlobalSection(ProjectConfigurationPlatforms) = postSolution
		{71464D59-E502-4684-9B0A-12E6E7690912}.Debug|Any CPU.ActiveCfg = Debug|Any CPU
		{71464D59-E502-4684-9B0A-12E6E7690912}.Debug|Any CPU.Build.0 = Debug|Any CPU
		{71464D59-E502-4684-9B0A-12E6E7690912}.Release|Any CPU.ActiveCfg = Release|Any CPU
		{71464D59-E502-4684-9B0A-12E6E7690912}.Release|Any CPU.Build.0 = Release|Any CPU
		{C852CFAA-2917-4DD8-9446-50C11BFBCB94}.Debug|Any CPU.ActiveCfg = Debug|Any CPU
		{C852CFAA-2917-4DD8-9446-50C11BFBCB94}.Debug|Any CPU.Build.0 = Debug|Any CPU
		{C852CFAA-2917-4DD8-9446-50C11BFBCB94}.Release|Any CPU.ActiveCfg = Release|Any CPU
		{C852CFAA-2917-4DD8-9446-50C11BFBCB94}.Release|Any CPU.Build.0 = Release|Any CPU
	EndGlobalSection
	GlobalSection(SolutionProperties) = preSolution
		HideSolutionNode = FALSE
	EndGlobalSection
EndGlobal
